
Microsoft Visual Studio Solution File, Format Version 12.00
# Visual Studio Version 16
VisualStudioVersion = 16.0.30128.74
MinimumVisualStudioVersion = 10.0.40219.1
Project("{FAE04EC0-301F-11D3-BF4B-00C04F79EFBC}") = "Logic-Plan-8-MBeebe", "Logic-Plan-8-MBeebe.csproj", "{23A99CFF-C0EA-4176-B838-F55EFFDCEC93}"
EndProject
Global
	GlobalSection(SolutionConfigurationPlatforms) = preSolution
		Debug|Any CPU = Debug|Any CPU
		Release|Any CPU = Release|Any CPU
	EndGlobalSection
	GlobalSection(ProjectConfigurationPlatforms) = postSolution
		{23A99CFF-C0EA-4176-B838-F55EFFDCEC93}.Debug|Any CPU.ActiveCfg = Debug|Any CPU
		{23A99CFF-C0EA-4176-B838-F55EFFDCEC93}.Debug|Any CPU.Build.0 = Debug|Any CPU
		{23A99CFF-C0EA-4176-B838-F55EFFDCEC93}.Release|Any CPU.ActiveCfg = Release|Any CPU
		{23A99CFF-C0EA-4176-B838-F55EFFDCEC93}.Release|Any CPU.Build.0 = Release|Any CPU
	EndGlobalSection
	GlobalSection(SolutionProperties) = preSolution
		HideSolutionNode = FALSE
	EndGlobalSection
	GlobalSection(ExtensibilityGlobals) = postSolution
		SolutionGuid = {0E680DCE-CBD7-4DE7-B854-D91D03BCFE61}
	EndGlobalSection
EndGlobal
